
Microsoft Visual Studio Solution File, Format Version 12.00
Project("{FAE04EC0-301F-11D3-BF4B-00C04F79EFBC}") = "Shell", "Shell\Shell.csproj", "{9AB85EA6-D0E7-4EE5-9B2E-EA4B71585540}"
EndProject
Project("{FAE04EC0-301F-11D3-BF4B-00C04F79EFBC}") = "Data", "Data\Data.csproj", "{2BBC748F-62F3-4DE3-A4F2-2D483062736C}"
EndProject
Project("{FAE04EC0-301F-11D3-BF4B-00C04F79EFBC}") = "Infrastructure", "Infrastructure\Infrastructure.csproj", "{67448B94-E362-4531-AB18-E7E6D540B579}"
EndProject
Project("{FAE04EC0-301F-11D3-BF4B-00C04F79EFBC}") = "Application", "Application\Application.csproj", "{399AF9C6-701E-49B4-B165-FA9C7B7BFAF5}"
EndProject
Project("{FAE04EC0-301F-11D3-BF4B-00C04F79EFBC}") = "WinDivertNet", "WinDivertNet\WinDivertNet.csproj", "{CE7B8A5A-BD55-4945-A844-571DEDB08942}"
EndProject
Project("{FAE04EC0-301F-11D3-BF4B-00C04F79EFBC}") = "Common", "Common\Common.csproj", "{F16BB136-23AD-43F6-8D95-4C0D88FD8FBA}"
EndProject
Project("{FAE04EC0-301F-11D3-BF4B-00C04F79EFBC}") = "UI.Shared.Wpf", "UI.Shared.Wpf\UI.Shared.Wpf.csproj", "{8512B4F6-65F3-48EE-845F-09A1692BB901}"
EndProject
Project("{FAE04EC0-301F-11D3-BF4B-00C04F79EFBC}") = "Common.Test", "Common.Test\Common.Test.csproj", "{B3F481C9-B351-449C-AE2B-CDEC29BD5DCC}"
EndProject
Global
	GlobalSection(SolutionConfigurationPlatforms) = preSolution
		Debug|Any CPU = Debug|Any CPU
		Release|Any CPU = Release|Any CPU
	EndGlobalSection
	GlobalSection(ProjectConfigurationPlatforms) = postSolution
		{9AB85EA6-D0E7-4EE5-9B2E-EA4B71585540}.Debug|Any CPU.ActiveCfg = Debug|Any CPU
		{9AB85EA6-D0E7-4EE5-9B2E-EA4B71585540}.Debug|Any CPU.Build.0 = Debug|Any CPU
		{9AB85EA6-D0E7-4EE5-9B2E-EA4B71585540}.Release|Any CPU.ActiveCfg = Release|Any CPU
		{9AB85EA6-D0E7-4EE5-9B2E-EA4B71585540}.Release|Any CPU.Build.0 = Release|Any CPU
		{2BBC748F-62F3-4DE3-A4F2-2D483062736C}.Debug|Any CPU.ActiveCfg = Debug|Any CPU
		{2BBC748F-62F3-4DE3-A4F2-2D483062736C}.Debug|Any CPU.Build.0 = Debug|Any CPU
		{2BBC748F-62F3-4DE3-A4F2-2D483062736C}.Release|Any CPU.ActiveCfg = Release|Any CPU
		{2BBC748F-62F3-4DE3-A4F2-2D483062736C}.Release|Any CPU.Build.0 = Release|Any CPU
		{67448B94-E362-4531-AB18-E7E6D540B579}.Debug|Any CPU.ActiveCfg = Debug|Any CPU
		{67448B94-E362-4531-AB18-E7E6D540B579}.Debug|Any CPU.Build.0 = Debug|Any CPU
		{67448B94-E362-4531-AB18-E7E6D540B579}.Release|Any CPU.ActiveCfg = Release|Any CPU
		{67448B94-E362-4531-AB18-E7E6D540B579}.Release|Any CPU.Build.0 = Release|Any CPU
		{399AF9C6-701E-49B4-B165-FA9C7B7BFAF5}.Debug|Any CPU.ActiveCfg = Debug|Any CPU
		{399AF9C6-701E-49B4-B165-FA9C7B7BFAF5}.Debug|Any CPU.Build.0 = Debug|Any CPU
		{399AF9C6-701E-49B4-B165-FA9C7B7BFAF5}.Release|Any CPU.ActiveCfg = Release|Any CPU
		{399AF9C6-701E-49B4-B165-FA9C7B7BFAF5}.Release|Any CPU.Build.0 = Release|Any CPU
		{CE7B8A5A-BD55-4945-A844-571DEDB08942}.Debug|Any CPU.ActiveCfg = Debug|Any CPU
		{CE7B8A5A-BD55-4945-A844-571DEDB08942}.Debug|Any CPU.Build.0 = Debug|Any CPU
		{CE7B8A5A-BD55-4945-A844-571DEDB08942}.Release|Any CPU.ActiveCfg = Release|Any CPU
		{CE7B8A5A-BD55-4945-A844-571DEDB08942}.Release|Any CPU.Build.0 = Release|Any CPU
		{F16BB136-23AD-43F6-8D95-4C0D88FD8FBA}.Debug|Any CPU.ActiveCfg = Debug|Any CPU
		{F16BB136-23AD-43F6-8D95-4C0D88FD8FBA}.Debug|Any CPU.Build.0 = Debug|Any CPU
		{F16BB136-23AD-43F6-8D95-4C0D88FD8FBA}.Release|Any CPU.ActiveCfg = Release|Any CPU
		{F16BB136-23AD-43F6-8D95-4C0D88FD8FBA}.Release|Any CPU.Build.0 = Release|Any CPU
		{8512B4F6-65F3-48EE-845F-09A1692BB901}.Debug|Any CPU.ActiveCfg = Debug|Any CPU
		{8512B4F6-65F3-48EE-845F-09A1692BB901}.Debug|Any CPU.Build.0 = Debug|Any CPU
		{8512B4F6-65F3-48EE-845F-09A1692BB901}.Release|Any CPU.ActiveCfg = Release|Any CPU
		{8512B4F6-65F3-48EE-845F-09A1692BB901}.Release|Any CPU.Build.0 = Release|Any CPU
		{B3F481C9-B351-449C-AE2B-CDEC29BD5DCC}.Debug|Any CPU.ActiveCfg = Debug|Any CPU
		{B3F481C9-B351-449C-AE2B-CDEC29BD5DCC}.Debug|Any CPU.Build.0 = Debug|Any CPU
		{B3F481C9-B351-449C-AE2B-CDEC29BD5DCC}.Release|Any CPU.ActiveCfg = Release|Any CPU
		{B3F481C9-B351-449C-AE2B-CDEC29BD5DCC}.Release|Any CPU.Build.0 = Release|Any CPU
	EndGlobalSection
EndGlobal
